Microsoft Visual Studio Solution File, Format Version 12.00
# Visual Studio Version 17
VisualStudioVersion = 17.5.2.0
MinimumVisualStudioVersion = 10.0.40219.1
Project("{FAE04EC0-301F-11D3-BF4B-00C04F79EFBC}") = "ChronosSuite", "ChronosSuite.csproj", "{A11B8959-FD41-A093-FEAE-8A30116FA866}"
EndProject
Global
	GlobalSection(SolutionConfigurationPlatforms) = preSolution
		Debug|Any CPU = Debug|Any CPU
		Release|Any CPU = Release|Any CPU
	EndGlobalSection
	GlobalSection(ProjectConfigurationPlatforms) = postSolution
		{A11B8959-FD41-A093-FEAE-8A30116FA866}.Debug|Any CPU.ActiveCfg = Debug|Any CPU
		{A11B8959-FD41-A093-FEAE-8A30116FA866}.Debug|Any CPU.Build.0 = Debug|Any CPU
		{A11B8959-FD41-A093-FEAE-8A30116FA866}.Release|Any CPU.ActiveCfg = Release|Any CPU
		{A11B8959-FD41-A093-FEAE-8A30116FA866}.Release|Any CPU.Build.0 = Release|Any CPU
	EndGlobalSection
	GlobalSection(SolutionProperties) = preSolution
		HideSolutionNode = FALSE
	EndGlobalSection
	GlobalSection(ExtensibilityGlobals) = postSolution
		SolutionGuid = {E09970DB-84FF-4A54-A81F-C27721C9609A}
	EndGlobalSection
EndGlobal
